Microsoft Visual Studio Solution File, Format Version 8.00
Project("{F184B08F-C81C-45F6-A57F-5ABD9991F28F}") = "CodeGenerationHarness", "CodeGenerationHarness\CodeGenerationHarness.vbproj", "{166FBE51-A358-48C8-B2BC-5FC92D4E2CD5}"
	ProjectSection(ProjectDependencies) = postProject
	EndProjectSection
EndProject
Project("{F184B08F-C81C-45F6-A57F-5ABD9991F28F}") = "WinFormSupport", "WindowsFormsSupport\WinFormSupport.vbproj", "{8D78DE26-33F5-4200-8F1B-BAE3BD6443A7}"
	ProjectSection(ProjectDependencies) = postProject
	EndProjectSection
EndProject
Project("{F184B08F-C81C-45F6-A57F-5ABD9991F28F}") = "MetadataExtraction", "MetadataExtraction\MetadataExtraction.vbproj", "{D48A6E93-D81A-495D-A13A-E691BC81F8E8}"
	ProjectSection(ProjectDependencies) = postProject
	EndProjectSection
EndProject
Project("{F184B08F-C81C-45F6-A57F-5ABD9991F28F}") = "CodeGenerationSupport", "CodeGenerationSupport\CodeGenerationSupport.vbproj", "{04F606D6-B900-4013-98FD-678044C055BE}"
	ProjectSection(ProjectDependencies) = postProject
	EndProjectSection
EndProject
Project("{F184B08F-C81C-45F6-A57F-5ABD9991F28F}") = "Utility", "Utility\Utility.vbproj", "{709B51F2-ACB9-4960-823F-212B5D693403}"
	ProjectSection(ProjectDependencies) = postProject
	EndProjectSection
EndProject
Project("{F184B08F-C81C-45F6-A57F-5ABD9991F28F}") = "ExceptionDisplay", "ExceptionDisplay\ExceptionDisplay.vbproj", "{0FBE0B6A-4A70-4F45-8768-C41E3FAE3E05}"
	ProjectSection(ProjectDependencies) = postProject
	EndProjectSection
EndProject
Project("{F184B08F-C81C-45F6-A57F-5ABD9991F28F}") = "LibraryInterop", "LibraryInterop\LibraryInterop.vbproj", "{83B891A2-593D-4159-BA75-339A78E654F8}"
	ProjectSection(ProjectDependencies) = postProject
	EndProjectSection
EndProject
Global
	GlobalSection(SolutionConfiguration) = preSolution
		Debug = Debug
		Release = Release
	EndGlobalSection
	GlobalSection(ProjectConfiguration) = postSolution
		{166FBE51-A358-48C8-B2BC-5FC92D4E2CD5}.Debug.ActiveCfg = Debug|.NET
		{166FBE51-A358-48C8-B2BC-5FC92D4E2CD5}.Debug.Build.0 = Debug|.NET
		{166FBE51-A358-48C8-B2BC-5FC92D4E2CD5}.Release.ActiveCfg = Release|.NET
		{166FBE51-A358-48C8-B2BC-5FC92D4E2CD5}.Release.Build.0 = Release|.NET
		{8D78DE26-33F5-4200-8F1B-BAE3BD6443A7}.Debug.ActiveCfg = Debug|.NET
		{8D78DE26-33F5-4200-8F1B-BAE3BD6443A7}.Debug.Build.0 = Debug|.NET
		{8D78DE26-33F5-4200-8F1B-BAE3BD6443A7}.Release.ActiveCfg = Release|.NET
		{8D78DE26-33F5-4200-8F1B-BAE3BD6443A7}.Release.Build.0 = Release|.NET
		{D48A6E93-D81A-495D-A13A-E691BC81F8E8}.Debug.ActiveCfg = Debug|.NET
		{D48A6E93-D81A-495D-A13A-E691BC81F8E8}.Debug.Build.0 = Debug|.NET
		{D48A6E93-D81A-495D-A13A-E691BC81F8E8}.Release.ActiveCfg = Release|.NET
		{D48A6E93-D81A-495D-A13A-E691BC81F8E8}.Release.Build.0 = Release|.NET
		{04F606D6-B900-4013-98FD-678044C055BE}.Debug.ActiveCfg = Debug|.NET
		{04F606D6-B900-4013-98FD-678044C055BE}.Debug.Build.0 = Debug|.NET
		{04F606D6-B900-4013-98FD-678044C055BE}.Release.ActiveCfg = Release|.NET
		{04F606D6-B900-4013-98FD-678044C055BE}.Release.Build.0 = Release|.NET
		{709B51F2-ACB9-4960-823F-212B5D693403}.Debug.ActiveCfg = Debug|.NET
		{709B51F2-ACB9-4960-823F-212B5D693403}.Debug.Build.0 = Debug|.NET
		{709B51F2-ACB9-4960-823F-212B5D693403}.Release.ActiveCfg = Release|.NET
		{709B51F2-ACB9-4960-823F-212B5D693403}.Release.Build.0 = Release|.NET
		{0FBE0B6A-4A70-4F45-8768-C41E3FAE3E05}.Debug.ActiveCfg = Debug|.NET
		{0FBE0B6A-4A70-4F45-8768-C41E3FAE3E05}.Debug.Build.0 = Debug|.NET
		{0FBE0B6A-4A70-4F45-8768-C41E3FAE3E05}.Release.ActiveCfg = Release|.NET
		{0FBE0B6A-4A70-4F45-8768-C41E3FAE3E05}.Release.Build.0 = Release|.NET
		{83B891A2-593D-4159-BA75-339A78E654F8}.Debug.ActiveCfg = Debug|.NET
		{83B891A2-593D-4159-BA75-339A78E654F8}.Debug.Build.0 = Debug|.NET
		{83B891A2-593D-4159-BA75-339A78E654F8}.Release.ActiveCfg = Release|.NET
		{83B891A2-593D-4159-BA75-339A78E654F8}.Release.Build.0 = Release|.NET
	EndGlobalSection
	GlobalSection(ExtensibilityGlobals) = postSolution
	EndGlobalSection
	GlobalSection(ExtensibilityAddIns) = postSolution
	EndGlobalSection
EndGlobal
